
Microsoft Visual Studio Solution File, Format Version 12.00
# Visual Studio Version 17
VisualStudioVersion = 17.0.32112.339
MinimumVisualStudioVersion = 10.0.40219.1
Project("{2150E333-8FDC-42A3-9474-1A3956D46DE8}") = "Core", "Core", "{C25812FD-3248-4916-8E0E-E7C766BDDA37}"
EndProject
Project("{2150E333-8FDC-42A3-9474-1A3956D46DE8}") = "Data", "Data", "{1BB3B32F-CE52-4003-A3EF-3FFB12788B09}"
EndProject
Project("{2150E333-8FDC-42A3-9474-1A3956D46DE8}") = "Services", "Services", "{70A36F78-96D1-4E6E-B357-CE56550DCB32}"
EndProject
Project("{2150E333-8FDC-42A3-9474-1A3956D46DE8}") = "Solution ITems", "Solution ITems", "{EE5759C2-4DAB-48D2-A087-48A235939297}"
EndProject
Project("{2150E333-8FDC-42A3-9474-1A3956D46DE8}") = "webapp", "webapp", "{D1D04731-9034-4249-BA8F-EB53ED1760D7}"
EndProject
Project("{9A19103F-16F7-4668-BE54-9A1E7A4F7556}") = "ISNAPOO.WebSystem", "ISNAPOO.WebSystem\ISNAPOO.WebSystem.csproj", "{801B078A-CB22-4BDD-8EBE-E4AADFC833AC}"
EndProject
Project("{9A19103F-16F7-4668-BE54-9A1E7A4F7556}") = "Data.Models", "Data.Models\Data.Models.csproj", "{9994ABB2-FB29-40AB-AEB4-9D286263C11D}"
EndProject
Project("{9A19103F-16F7-4668-BE54-9A1E7A4F7556}") = "ISNAPOO.Common", "ISNAPOO.Common\ISNAPOO.Common.csproj", "{05015518-E786-4975-8878-0C73E0358A5C}"
EndProject
Project("{9A19103F-16F7-4668-BE54-9A1E7A4F7556}") = "ISNAPOO.Core", "ISNAPOO.Core\ISNAPOO.Core.csproj", "{2C0CD775-4EAB-4192-B309-DF181F5C44E5}"
EndProject
Project("{9A19103F-16F7-4668-BE54-9A1E7A4F7556}") = "RegiX", "RegiX\RegiX.csproj", "{65BCC1CD-C180-4EF4-AF5A-EB4C15DA6076}"
EndProject
Project("{9A19103F-16F7-4668-BE54-9A1E7A4F7556}") = "SoapServiceNAPOOweb", "SoapServiceNAPOOweb\SoapServiceNAPOOweb.csproj", "{DC26266B-BC88-4D30-BA6D-80BF30C7EE28}"
EndProject
Project("{9A19103F-16F7-4668-BE54-9A1E7A4F7556}") = "NapooMigration", "NapooMigration\NapooMigration.csproj", "{A4061510-B684-4B9F-B399-5828F18534F9}"
EndProject
Project("{9A19103F-16F7-4668-BE54-9A1E7A4F7556}") = "DocuWorkService", "DocuWorkService\DocuWorkService.csproj", "{FF388653-398B-4BF7-AF80-8B9F0AF72EAA}"
EndProject
Project("{9A19103F-16F7-4668-BE54-9A1E7A4F7556}") = "eAuth", "eAuth\eAuth.csproj", "{9A05D9BC-1A25-4C7C-B6AC-4E3281CC0D7B}"
EndProject
Project("{2150E333-8FDC-42A3-9474-1A3956D46DE8}") = "RegiX.Adapter", "RegiX.Adapter", "{A538D703-225E-4DA5-8994-7803F9F1DA49}"
EndProject
Project("{9A19103F-16F7-4668-BE54-9A1E7A4F7556}") = "RegiX.NapooStudentDocumentsAdapter", "RegiX.NapooStudentDocumentsAdapter\RegiX.NapooStudentDocumentsAdapter\RegiX.NapooStudentDocumentsAdapter.csproj", "{DB061738-9FAC-4C5B-822D-5F5107D84F0D}"
EndProject
Project("{9A19103F-16F7-4668-BE54-9A1E7A4F7556}") = "RegiX.NapooStudentDocumentsAdapter.Mocks", "RegiX.NapooStudentDocumentsAdapter\RegiX.NapooStudentDocumentsAdapter.Mocks\RegiX.NapooStudentDocumentsAdapter.Mocks.csproj", "{29CDD41B-E46C-4F04-95ED-05EF8A152FF5}"
EndProject
Project("{9A19103F-16F7-4668-BE54-9A1E7A4F7556}") = "RegiX.NapooStudentDocumentsAdapter.Tests", "RegiX.NapooStudentDocumentsAdapter\RegiX.NapooStudentDocumentsAdapter.Tests\RegiX.NapooStudentDocumentsAdapter.Tests.csproj", "{D7B4D861-CD68-43DF-B864-2253D99EB11A}"
EndProject
Project("{FAE04EC0-301F-11D3-BF4B-00C04F79EFBC}") = "RegiX.Adapters.WCFAdapterHost.Impl", "RegiX.NapooStudentDocumentsAdapter.Client\RegiX.Adapters.WCFAdapterHost.Impl\RegiX.Adapters.WCFAdapterHost.Impl.csproj", "{835450D5-3911-48FD-8AA9-346671A6C52A}"
EndProject
Project("{9A19103F-16F7-4668-BE54-9A1E7A4F7556}") = "RegiX.NapooStudentDocumentsAdapter.Client", "RegiX.NapooStudentDocumentsAdapter.Client\RegiX.NapooStudentDocumentsAdapter.Client\RegiX.NapooStudentDocumentsAdapter.Client.csproj", "{4AD74D3E-272C-4AD2-A41A-7B53AE7979E4}"
EndProject
Global
	GlobalSection(SolutionConfigurationPlatforms) = preSolution
		Debug|Any CPU = Debug|Any CPU
		Release|Any CPU = Release|Any CPU
	EndGlobalSection
	GlobalSection(ProjectConfigurationPlatforms) = postSolution
		{801B078A-CB22-4BDD-8EBE-E4AADFC833AC}.Debug|Any CPU.ActiveCfg = Debug|Any CPU
		{801B078A-CB22-4BDD-8EBE-E4AADFC833AC}.Debug|Any CPU.Build.0 = Debug|Any CPU
		{801B078A-CB22-4BDD-8EBE-E4AADFC833AC}.Release|Any CPU.ActiveCfg = Release|Any CPU
		{801B078A-CB22-4BDD-8EBE-E4AADFC833AC}.Release|Any CPU.Build.0 = Release|Any CPU
		{9994ABB2-FB29-40AB-AEB4-9D286263C11D}.Debug|Any CPU.ActiveCfg = Debug|Any CPU
		{9994ABB2-FB29-40AB-AEB4-9D286263C11D}.Debug|Any CPU.Build.0 = Debug|Any CPU
		{9994ABB2-FB29-40AB-AEB4-9D286263C11D}.Release|Any CPU.ActiveCfg = Release|Any CPU
		{9994ABB2-FB29-40AB-AEB4-9D286263C11D}.Release|Any CPU.Build.0 = Release|Any CPU
		{05015518-E786-4975-8878-0C73E0358A5C}.Debug|Any CPU.ActiveCfg = Debug|Any CPU
		{05015518-E786-4975-8878-0C73E0358A5C}.Debug|Any CPU.Build.0 = Debug|Any CPU
		{05015518-E786-4975-8878-0C73E0358A5C}.Release|Any CPU.ActiveCfg = Release|Any CPU
		{05015518-E786-4975-8878-0C73E0358A5C}.Release|Any CPU.Build.0 = Release|Any CPU
		{2C0CD775-4EAB-4192-B309-DF181F5C44E5}.Debug|Any CPU.ActiveCfg = Debug|Any CPU
		{2C0CD775-4EAB-4192-B309-DF181F5C44E5}.Debug|Any CPU.Build.0 = Debug|Any CPU
		{2C0CD775-4EAB-4192-B309-DF181F5C44E5}.Release|Any CPU.ActiveCfg = Release|Any CPU
		{2C0CD775-4EAB-4192-B309-DF181F5C44E5}.Release|Any CPU.Build.0 = Release|Any CPU
		{65BCC1CD-C180-4EF4-AF5A-EB4C15DA6076}.Debug|Any CPU.ActiveCfg = Debug|Any CPU
		{65BCC1CD-C180-4EF4-AF5A-EB4C15DA6076}.Debug|Any CPU.Build.0 = Debug|Any CPU
		{65BCC1CD-C180-4EF4-AF5A-EB4C15DA6076}.Release|Any CPU.ActiveCfg = Release|Any CPU
		{65BCC1CD-C180-4EF4-AF5A-EB4C15DA6076}.Release|Any CPU.Build.0 = Release|Any CPU
		{DC26266B-BC88-4D30-BA6D-80BF30C7EE28}.Debug|Any CPU.ActiveCfg = Debug|Any CPU
		{DC26266B-BC88-4D30-BA6D-80BF30C7EE28}.Debug|Any CPU.Build.0 = Debug|Any CPU
		{DC26266B-BC88-4D30-BA6D-80BF30C7EE28}.Release|Any CPU.ActiveCfg = Release|Any CPU
		{DC26266B-BC88-4D30-BA6D-80BF30C7EE28}.Release|Any CPU.Build.0 = Release|Any CPU
		{A4061510-B684-4B9F-B399-5828F18534F9}.Debug|Any CPU.ActiveCfg = Debug|Any CPU
		{A4061510-B684-4B9F-B399-5828F18534F9}.Release|Any CPU.ActiveCfg = Release|Any CPU
		{A4061510-B684-4B9F-B399-5828F18534F9}.Release|Any CPU.Build.0 = Release|Any CPU
		{FF388653-398B-4BF7-AF80-8B9F0AF72EAA}.Debug|Any CPU.ActiveCfg = Debug|Any CPU
		{FF388653-398B-4BF7-AF80-8B9F0AF72EAA}.Debug|Any CPU.Build.0 = Debug|Any CPU
		{FF388653-398B-4BF7-AF80-8B9F0AF72EAA}.Release|Any CPU.ActiveCfg = Release|Any CPU
		{FF388653-398B-4BF7-AF80-8B9F0AF72EAA}.Release|Any CPU.Build.0 = Release|Any CPU
		{9A05D9BC-1A25-4C7C-B6AC-4E3281CC0D7B}.Debug|Any CPU.ActiveCfg = Debug|Any CPU
		{9A05D9BC-1A25-4C7C-B6AC-4E3281CC0D7B}.Release|Any CPU.ActiveCfg = Release|Any CPU
		{9A05D9BC-1A25-4C7C-B6AC-4E3281CC0D7B}.Release|Any CPU.Build.0 = Release|Any CPU
		{DB061738-9FAC-4C5B-822D-5F5107D84F0D}.Debug|Any CPU.ActiveCfg = Debug|Any CPU
		{DB061738-9FAC-4C5B-822D-5F5107D84F0D}.Release|Any CPU.ActiveCfg = Release|Any CPU
		{29CDD41B-E46C-4F04-95ED-05EF8A152FF5}.Debug|Any CPU.ActiveCfg = Debug|Any CPU
		{29CDD41B-E46C-4F04-95ED-05EF8A152FF5}.Release|Any CPU.ActiveCfg = Release|Any CPU
		{D7B4D861-CD68-43DF-B864-2253D99EB11A}.Debug|Any CPU.ActiveCfg = Debug|Any CPU
		{D7B4D861-CD68-43DF-B864-2253D99EB11A}.Release|Any CPU.ActiveCfg = Release|Any CPU
		{835450D5-3911-48FD-8AA9-346671A6C52A}.Debug|Any CPU.ActiveCfg = Debug|Any CPU
		{835450D5-3911-48FD-8AA9-346671A6C52A}.Release|Any CPU.ActiveCfg = Release|Any CPU
		{4AD74D3E-272C-4AD2-A41A-7B53AE7979E4}.Debug|Any CPU.ActiveCfg = Debug|Any CPU
		{4AD74D3E-272C-4AD2-A41A-7B53AE7979E4}.Release|Any CPU.ActiveCfg = Release|Any CPU
	EndGlobalSection
	GlobalSection(SolutionProperties) = preSolution
		HideSolutionNode = FALSE
	EndGlobalSection
	GlobalSection(NestedProjects) = preSolution
		{801B078A-CB22-4BDD-8EBE-E4AADFC833AC} = {D1D04731-9034-4249-BA8F-EB53ED1760D7}
		{9994ABB2-FB29-40AB-AEB4-9D286263C11D} = {1BB3B32F-CE52-4003-A3EF-3FFB12788B09}
		{05015518-E786-4975-8878-0C73E0358A5C} = {C25812FD-3248-4916-8E0E-E7C766BDDA37}
		{2C0CD775-4EAB-4192-B309-DF181F5C44E5} = {70A36F78-96D1-4E6E-B357-CE56550DCB32}
		{65BCC1CD-C180-4EF4-AF5A-EB4C15DA6076} = {70A36F78-96D1-4E6E-B357-CE56550DCB32}
		{DC26266B-BC88-4D30-BA6D-80BF30C7EE28} = {70A36F78-96D1-4E6E-B357-CE56550DCB32}
		{A4061510-B684-4B9F-B399-5828F18534F9} = {70A36F78-96D1-4E6E-B357-CE56550DCB32}
		{FF388653-398B-4BF7-AF80-8B9F0AF72EAA} = {70A36F78-96D1-4E6E-B357-CE56550DCB32}
		{9A05D9BC-1A25-4C7C-B6AC-4E3281CC0D7B} = {70A36F78-96D1-4E6E-B357-CE56550DCB32}
		{DB061738-9FAC-4C5B-822D-5F5107D84F0D} = {A538D703-225E-4DA5-8994-7803F9F1DA49}
		{29CDD41B-E46C-4F04-95ED-05EF8A152FF5} = {A538D703-225E-4DA5-8994-7803F9F1DA49}
		{D7B4D861-CD68-43DF-B864-2253D99EB11A} = {A538D703-225E-4DA5-8994-7803F9F1DA49}
		{835450D5-3911-48FD-8AA9-346671A6C52A} = {A538D703-225E-4DA5-8994-7803F9F1DA49}
		{4AD74D3E-272C-4AD2-A41A-7B53AE7979E4} = {A538D703-225E-4DA5-8994-7803F9F1DA49}
	EndGlobalSection
	GlobalSection(ExtensibilityGlobals) = postSolution
		SolutionGuid = {91CE5190-A626-46DD-BE3A-E0E405B68B23}
	EndGlobalSection
EndGlobal
